{
  "version": 3,
  "targets": {
    "net8.0-windows7.0": {
      "ControlzEx/6.0.0": {
        "type": "package",
        "dependencies": {
          "Microsoft.Xaml.Behaviors.Wpf": "1.1.39",
          "System.Text.Json": "5.0.2"
        },
        "compile": {
          "lib/net5.0-windows7.0/ControlzEx.dll": {
            "related": ".xml"
          }
        },
        "runtime": {
          "lib/net5.0-windows7.0/ControlzEx.dll": {
            "related": ".xml"
          }
        },
        "frameworkReferences": [
          "Microsoft.WindowsDesktop.App.WPF"
        ]
      },
      "Dirkster.AvalonDock/4.72.1": {
        "type": "package",
        "compile": {
          "lib/net5.0-windows7.0/AvalonDock.dll": {}
        },
        "runtime": {
          "lib/net5.0-windows7.0/AvalonDock.dll": {}
        },
        "frameworkReferences": [
          "Microsoft.WindowsDesktop.App.WPF"
        ],
        "resource": {
          "lib/net5.0-windows7.0/ca-ES/AvalonDock.resources.dll": {
            "locale": "ca-ES"
          },
          "lib/net5.0-windows7.0/cs-CZ/AvalonDock.resources.dll": {
            "locale": "cs-CZ"
          },
          "lib/net5.0-windows7.0/de/AvalonDock.resources.dll": {
            "locale": "de"
          },
          "lib/net5.0-windows7.0/es/AvalonDock.resources.dll": {
            "locale": "es"
          },
          "lib/net5.0-windows7.0/fr/AvalonDock.resources.dll": {
            "locale": "fr"
          },
          "lib/net5.0-windows7.0/hu/AvalonDock.resources.dll": {
            "locale": "hu"
          },
          "lib/net5.0-windows7.0/it/AvalonDock.resources.dll": {
            "locale": "it"
          },
          "lib/net5.0-windows7.0/ja/AvalonDock.resources.dll": {
            "locale": "ja"
          },
          "lib/net5.0-windows7.0/ko/AvalonDock.resources.dll": {
            "locale": "ko"
          },
          "lib/net5.0-windows7.0/nl-BE/AvalonDock.resources.dll": {
            "locale": "nl-BE"
          },
          "lib/net5.0-windows7.0/pl/AvalonDock.resources.dll": {
            "locale": "pl"
          },
          "lib/net5.0-windows7.0/pt/AvalonDock.resources.dll": {
            "locale": "pt"
          },
          "lib/net5.0-windows7.0/ro/AvalonDock.resources.dll": {
            "locale": "ro"
          },
          "lib/net5.0-windows7.0/ru/AvalonDock.resources.dll": {
            "locale": "ru"
          },
          "lib/net5.0-windows7.0/sv/AvalonDock.resources.dll": {
            "locale": "sv"
          },
          "lib/net5.0-windows7.0/zh-Hans/AvalonDock.resources.dll": {
            "locale": "zh-Hans"
          },
          "lib/net5.0-windows7.0/zh-Hant/AvalonDock.resources.dll": {
            "locale": "zh-Hant"
          }
        }
      },
      "Dirkster.AvalonDock.Themes.VS2013/4.72.1": {
        "type": "package",
        "dependencies": {
          "Dirkster.AvalonDock": "4.72.1"
        },
        "compile": {
          "lib/net5.0-windows7.0/AvalonDock.Themes.VS2013.dll": {}
        },
        "runtime": {
          "lib/net5.0-windows7.0/AvalonDock.Themes.VS2013.dll": {}
        },
        "frameworkReferences": [
          "Microsoft.WindowsDesktop.App.WPF"
        ]
      },
      "Fluent.Ribbon/10.0.4": {
        "type": "package",
        "dependencies": {
          "ControlzEx": "6.0.0"
        },
        "compile": {
          "lib/net5.0-windows7.0/Fluent.dll": {
            "related": ".xml"
          }
        },
        "runtime": {
          "lib/net5.0-windows7.0/Fluent.dll": {
            "related": ".xml"
          }
        },
        "frameworkReferences": [
          "Microsoft.WindowsDesktop.App"
        ]
      },
      "Microsoft.Xaml.Behaviors.Wpf/1.1.77": {
        "type": "package",
        "compile": {
          "lib/net6.0-windows7.0/Microsoft.Xaml.Behaviors.dll": {
            "related": ".pdb;.xml"
          }
        },
        "runtime": {
          "lib/net6.0-windows7.0/Microsoft.Xaml.Behaviors.dll": {
            "related": ".pdb;.xml"
          }
        },
        "frameworkReferences": [
          "Microsoft.WindowsDesktop.App.WPF"
        ]
      },
      "System.Text.Json/5.0.2": {
        "type": "package",
        "compile": {
          "lib/netcoreapp3.0/System.Text.Json.dll": {
            "related": ".xml"
          }
        },
        "runtime": {
          "lib/netcoreapp3.0/System.Text.Json.dll": {
            "related": ".xml"
          }
        }
      },
      "Macad.Common/3.1.1882.3": {
        "type": "project",
        "framework": ".NETCoreApp,Version=v8.0",
        "compile": {
          "bin/placeholder/Macad.Common.dll": {}
        },
        "runtime": {
          "bin/placeholder/Macad.Common.dll": {}
        },
        "frameworkReferences": [
          "Microsoft.WindowsDesktop.App",
          "Microsoft.WindowsDesktop.App.WPF"
        ]
      },
      "Macad.Resources/3.1.1882.3": {
        "type": "project",
        "framework": ".NETCoreApp,Version=v8.0",
        "compile": {
          "bin/placeholder/Macad.Resources.dll": {}
        },
        "runtime": {
          "bin/placeholder/Macad.Resources.dll": {}
        },
        "frameworkReferences": [
          "Microsoft.WindowsDesktop.App",
          "Microsoft.WindowsDesktop.App.WPF"
        ]
      }
    },
    "net8.0-windows7.0/win-x64": {
      "ControlzEx/6.0.0": {
        "type": "package",
        "dependencies": {
          "Microsoft.Xaml.Behaviors.Wpf": "1.1.39",
          "System.Text.Json": "5.0.2"
        },
        "compile": {
          "lib/net5.0-windows7.0/ControlzEx.dll": {
            "related": ".xml"
          }
        },
        "runtime": {
          "lib/net5.0-windows7.0/ControlzEx.dll": {
            "related": ".xml"
          }
        },
        "frameworkReferences": [
          "Microsoft.WindowsDesktop.App.WPF"
        ]
      },
      "Dirkster.AvalonDock/4.72.1": {
        "type": "package",
        "compile": {
          "lib/net5.0-windows7.0/AvalonDock.dll": {}
        },
        "runtime": {
          "lib/net5.0-windows7.0/AvalonDock.dll": {}
        },
        "frameworkReferences": [
          "Microsoft.WindowsDesktop.App.WPF"
        ],
        "resource": {
          "lib/net5.0-windows7.0/ca-ES/AvalonDock.resources.dll": {
            "locale": "ca-ES"
          },
          "lib/net5.0-windows7.0/cs-CZ/AvalonDock.resources.dll": {
            "locale": "cs-CZ"
          },
          "lib/net5.0-windows7.0/de/AvalonDock.resources.dll": {
            "locale": "de"
          },
          "lib/net5.0-windows7.0/es/AvalonDock.resources.dll": {
            "locale": "es"
          },
          "lib/net5.0-windows7.0/fr/AvalonDock.resources.dll": {
            "locale": "fr"
          },
          "lib/net5.0-windows7.0/hu/AvalonDock.resources.dll": {
            "locale": "hu"
          },
          "lib/net5.0-windows7.0/it/AvalonDock.resources.dll": {
            "locale": "it"
          },
          "lib/net5.0-windows7.0/ja/AvalonDock.resources.dll": {
            "locale": "ja"
          },
          "lib/net5.0-windows7.0/ko/AvalonDock.resources.dll": {
            "locale": "ko"
          },
          "lib/net5.0-windows7.0/nl-BE/AvalonDock.resources.dll": {
            "locale": "nl-BE"
          },
          "lib/net5.0-windows7.0/pl/AvalonDock.resources.dll": {
            "locale": "pl"
          },
          "lib/net5.0-windows7.0/pt/AvalonDock.resources.dll": {
            "locale": "pt"
          },
          "lib/net5.0-windows7.0/ro/AvalonDock.resources.dll": {
            "locale": "ro"
          },
          "lib/net5.0-windows7.0/ru/AvalonDock.resources.dll": {
            "locale": "ru"
          },
          "lib/net5.0-windows7.0/sv/AvalonDock.resources.dll": {
            "locale": "sv"
          },
          "lib/net5.0-windows7.0/zh-Hans/AvalonDock.resources.dll": {
            "locale": "zh-Hans"
          },
          "lib/net5.0-windows7.0/zh-Hant/AvalonDock.resources.dll": {
            "locale": "zh-Hant"
          }
        }
      },
      "Dirkster.AvalonDock.Themes.VS2013/4.72.1": {
        "type": "package",
        "dependencies": {
          "Dirkster.AvalonDock": "4.72.1"
        },
        "compile": {
          "lib/net5.0-windows7.0/AvalonDock.Themes.VS2013.dll": {}
        },
        "runtime": {
          "lib/net5.0-windows7.0/AvalonDock.Themes.VS2013.dll": {}
        },
        "frameworkReferences": [
          "Microsoft.WindowsDesktop.App.WPF"
        ]
      },
      "Fluent.Ribbon/10.0.4": {
        "type": "package",
        "dependencies": {
          "ControlzEx": "6.0.0"
        },
        "compile": {
          "lib/net5.0-windows7.0/Fluent.dll": {
            "related": ".xml"
          }
        },
        "runtime": {
          "lib/net5.0-windows7.0/Fluent.dll": {
            "related": ".xml"
          }
        },
        "frameworkReferences": [
          "Microsoft.WindowsDesktop.App"
        ]
      },
      "Microsoft.Xaml.Behaviors.Wpf/1.1.77": {
        "type": "package",
        "compile": {
          "lib/net6.0-windows7.0/Microsoft.Xaml.Behaviors.dll": {
            "related": ".pdb;.xml"
          }
        },
        "runtime": {
          "lib/net6.0-windows7.0/Microsoft.Xaml.Behaviors.dll": {
            "related": ".pdb;.xml"
          }
        },
        "frameworkReferences": [
          "Microsoft.WindowsDesktop.App.WPF"
        ]
      },
      "System.Text.Json/5.0.2": {
        "type": "package",
        "compile": {
          "lib/netcoreapp3.0/System.Text.Json.dll": {
            "related": ".xml"
          }
        },
        "runtime": {
          "lib/netcoreapp3.0/System.Text.Json.dll": {
            "related": ".xml"
          }
        }
      },
      "Macad.Common/3.1.1882.3": {
        "type": "project",
        "framework": ".NETCoreApp,Version=v8.0",
        "compile": {
          "bin/placeholder/Macad.Common.dll": {}
        },
        "runtime": {
          "bin/placeholder/Macad.Common.dll": {}
        },
        "frameworkReferences": [
          "Microsoft.WindowsDesktop.App",
          "Microsoft.WindowsDesktop.App.WPF"
        ]
      },
      "Macad.Resources/3.1.1882.3": {
        "type": "project",
        "framework": ".NETCoreApp,Version=v8.0",
        "compile": {
          "bin/placeholder/Macad.Resources.dll": {}
        },
        "runtime": {
          "bin/placeholder/Macad.Resources.dll": {}
        },
        "frameworkReferences": [
          "Microsoft.WindowsDesktop.App",
          "Microsoft.WindowsDesktop.App.WPF"
        ]
      }
    }
  },
  "libraries": {
    "ControlzEx/6.0.0": {
      "sha512": "MEaqj6ienvKR4E7QJ3vwzo2vrdy2Kqw9Z3CudY5iUixR5iMYeLoMlks7EiABsz4WqDsgVLd9u7fixmCOGU+4ow==",
      "type": "package",
      "path": "controlzex/6.0.0",
      "files": [
        ".nupkg.metadata",
        ".signature.p7s",
        "controlzex.6.0.0.nupkg.sha512",
        "controlzex.nuspec",
        "lib/net462/ControlzEx.dll",
        "lib/net462/ControlzEx.xml",
        "lib/net5.0-windows7.0/ControlzEx.dll",
        "lib/net5.0-windows7.0/ControlzEx.xml",
        "lib/netcoreapp3.1/ControlzEx.dll",
        "lib/netcoreapp3.1/ControlzEx.xml",
        "logo-mini.png"
      ]
    },
    "Dirkster.AvalonDock/4.72.1": {
      "sha512": "m5J03HVntDM3eu7GyzLWlNdr2c2TTBAoD33Pq1yCID7vEtk13VVngtlmegp67WUvpL5JUC8G2xU8n+ThZKKz0Q==",
      "type": "package",
      "path": "dirkster.avalondock/4.72.1",
      "files": [
        ".nupkg.metadata",
        ".signature.p7s",
        "LICENSE",
        "dirkster.avalondock.4.72.1.nupkg.sha512",
        "dirkster.avalondock.nuspec",
        "lib/net40/AvalonDock.dll",
        "lib/net40/ca-ES/AvalonDock.resources.dll",
        "lib/net40/cs-CZ/AvalonDock.resources.dll",
        "lib/net40/de/AvalonDock.resources.dll",
        "lib/net40/es/AvalonDock.resources.dll",
        "lib/net40/fr/AvalonDock.resources.dll",
        "lib/net40/hu/AvalonDock.resources.dll",
        "lib/net40/it/AvalonDock.resources.dll",
        "lib/net40/ja/AvalonDock.resources.dll",
        "lib/net40/ko/AvalonDock.resources.dll",
        "lib/net40/nl-BE/AvalonDock.resources.dll",
        "lib/net40/pl/AvalonDock.resources.dll",
        "lib/net40/pt/AvalonDock.resources.dll",
        "lib/net40/ro/AvalonDock.resources.dll",
        "lib/net40/ru/AvalonDock.resources.dll",
        "lib/net40/sv/AvalonDock.resources.dll",
        "lib/net40/zh-Hans/AvalonDock.resources.dll",
        "lib/net40/zh-Hant/AvalonDock.resources.dll",
        "lib/net5.0-windows7.0/AvalonDock.dll",
        "lib/net5.0-windows7.0/ca-ES/AvalonDock.resources.dll",
        "lib/net5.0-windows7.0/cs-CZ/AvalonDock.resources.dll",
        "lib/net5.0-windows7.0/de/AvalonDock.resources.dll",
        "lib/net5.0-windows7.0/es/AvalonDock.resources.dll",
        "lib/net5.0-windows7.0/fr/AvalonDock.resources.dll",
        "lib/net5.0-windows7.0/hu/AvalonDock.resources.dll",
        "lib/net5.0-windows7.0/it/AvalonDock.resources.dll",
        "lib/net5.0-windows7.0/ja/AvalonDock.resources.dll",
        "lib/net5.0-windows7.0/ko/AvalonDock.resources.dll",
        "lib/net5.0-windows7.0/nl-BE/AvalonDock.resources.dll",
        "lib/net5.0-windows7.0/pl/AvalonDock.resources.dll",
        "lib/net5.0-windows7.0/pt/AvalonDock.resources.dll",
        "lib/net5.0-windows7.0/ro/AvalonDock.resources.dll",
        "lib/net5.0-windows7.0/ru/AvalonDock.resources.dll",
        "lib/net5.0-windows7.0/sv/AvalonDock.resources.dll",
        "lib/net5.0-windows7.0/zh-Hans/AvalonDock.resources.dll",
        "lib/net5.0-windows7.0/zh-Hant/AvalonDock.resources.dll",
        "lib/netcoreapp3.0/AvalonDock.dll",
        "lib/netcoreapp3.0/ca-ES/AvalonDock.resources.dll",
        "lib/netcoreapp3.0/cs-CZ/AvalonDock.resources.dll",
        "lib/netcoreapp3.0/de/AvalonDock.resources.dll",
        "lib/netcoreapp3.0/es/AvalonDock.resources.dll",
        "lib/netcoreapp3.0/fr/AvalonDock.resources.dll",
        "lib/netcoreapp3.0/hu/AvalonDock.resources.dll",
        "lib/netcoreapp3.0/it/AvalonDock.resources.dll",
        "lib/netcoreapp3.0/ja/AvalonDock.resources.dll",
        "lib/netcoreapp3.0/ko/AvalonDock.resources.dll",
        "lib/netcoreapp3.0/nl-BE/AvalonDock.resources.dll",
        "lib/netcoreapp3.0/pl/AvalonDock.resources.dll",
        "lib/netcoreapp3.0/pt/AvalonDock.resources.dll",
        "lib/netcoreapp3.0/ro/AvalonDock.resources.dll",
        "lib/netcoreapp3.0/ru/AvalonDock.resources.dll",
        "lib/netcoreapp3.0/sv/AvalonDock.resources.dll",
        "lib/netcoreapp3.0/zh-Hans/AvalonDock.resources.dll",
        "lib/netcoreapp3.0/zh-Hant/AvalonDock.resources.dll"
      ]
    },
    "Dirkster.AvalonDock.Themes.VS2013/4.72.1": {
      "sha512": "g+hcHokgRFSvznqsVWxHxPCrUMxe18MTJjXMRVQJTVNo/Kwx8krdNiRnCSUDkuVtr2z29EtC4QofZhwUB7FS+w==",
      "type": "package",
      "path": "dirkster.avalondock.themes.vs2013/4.72.1",
      "files": [
        ".nupkg.metadata",
        ".signature.p7s",
        "LICENSE",
        "dirkster.avalondock.themes.vs2013.4.72.1.nupkg.sha512",
        "dirkster.avalondock.themes.vs2013.nuspec",
        "lib/net40/AvalonDock.Themes.VS2013.dll",
        "lib/net5.0-windows7.0/AvalonDock.Themes.VS2013.dll",
        "lib/netcoreapp3.0/AvalonDock.Themes.VS2013.dll"
      ]
    },
    "Fluent.Ribbon/10.0.4": {
      "sha512": "8jlnYb0S5xJowsJRt26ZQ6/GQFd6RBGQ3mI7YnayKM/y8MFSFsAmvurh6vXMgEJlBd9LRdEnpIVO9R1v7NZSIw==",
      "type": "package",
      "path": "fluent.ribbon/10.0.4",
      "files": [
        ".nupkg.metadata",
        ".signature.p7s",
        "Logo.png",
        "fluent.ribbon.10.0.4.nupkg.sha512",
        "fluent.ribbon.nuspec",
        "lib/net462/Fluent.dll",
        "lib/net462/Fluent.xml",
        "lib/net5.0-windows7.0/Fluent.dll",
        "lib/net5.0-windows7.0/Fluent.xml",
        "lib/netcoreapp3.1/Fluent.dll",
        "lib/netcoreapp3.1/Fluent.xml",
        "license/License.txt"
      ]
    },
    "Microsoft.Xaml.Behaviors.Wpf/1.1.77": {
      "sha512": "MCu674ZETgU18EbxfwIlRpUPJ02YbZenLsMCXTkpeA7KUBpXfFaOUDlEO+7UWu5AFnUoydg+aQENJkuaZPheMQ==",
      "type": "package",
      "path": "microsoft.xaml.behaviors.wpf/1.1.77",
      "hasTools": true,
      "files": [
        ".nupkg.metadata",
        ".signature.p7s",
        "lib/net462/Design/Microsoft.Xaml.Behaviors.Design.dll",
        "lib/net462/Design/Microsoft.Xaml.Behaviors.DesignTools.dll",
        "lib/net462/Microsoft.Xaml.Behaviors.dll",
        "lib/net462/Microsoft.Xaml.Behaviors.pdb",
        "lib/net462/Microsoft.Xaml.Behaviors.xml",
        "lib/net6.0-windows7.0/Design/Microsoft.Xaml.Behaviors.DesignTools.dll",
        "lib/net6.0-windows7.0/Microsoft.Xaml.Behaviors.dll",
        "lib/net6.0-windows7.0/Microsoft.Xaml.Behaviors.pdb",
        "lib/net6.0-windows7.0/Microsoft.Xaml.Behaviors.xml",
        "microsoft.xaml.behaviors.wpf.1.1.77.nupkg.sha512",
        "microsoft.xaml.behaviors.wpf.nuspec",
        "tools/Install.ps1"
      ]
    },
    "System.Text.Json/5.0.2": {
      "sha512": "I47dVIGiV6SfAyppphxqupertT/5oZkYLDCX6vC3HpOI4ZLjyoKAreUoem2ie6G0RbRuFrlqz/PcTQjfb2DOfQ==",
      "type": "package",
      "path": "system.text.json/5.0.2",
      "files": [
        ".nupkg.metadata",
        ".signature.p7s",
        "Icon.png",
        "LICENSE.TXT",
        "THIRD-PARTY-NOTICES.TXT",
        "lib/net461/System.Text.Json.dll",
        "lib/net461/System.Text.Json.xml",
        "lib/netcoreapp3.0/System.Text.Json.dll",
        "lib/netcoreapp3.0/System.Text.Json.xml",
        "lib/netstandard2.0/System.Text.Json.dll",
        "lib/netstandard2.0/System.Text.Json.xml",
        "system.text.json.5.0.2.nupkg.sha512",
        "system.text.json.nuspec",
        "useSharedDesignerContext.txt",
        "version.txt"
      ]
    },
    "Macad.Common/3.1.1882.3": {
      "type": "project",
      "path": "../Macad.Common/Macad.Common.csproj",
      "msbuildProject": "../Macad.Common/Macad.Common.csproj"
    },
    "Macad.Resources/3.1.1882.3": {
      "type": "project",
      "path": "../Macad.Resources/Macad.Resources.csproj",
      "msbuildProject": "../Macad.Resources/Macad.Resources.csproj"
    }
  },
  "projectFileDependencyGroups": {
    "net8.0-windows7.0": [
      "ControlzEx >= 6.0.0",
      "Dirkster.AvalonDock >= 4.72.1",
      "Dirkster.AvalonDock.Themes.VS2013 >= 4.72.1",
      "Fluent.Ribbon >= 10.0.4",
      "Macad.Common >= 3.1.1882.3",
      "Macad.Resources >= 3.1.1882.3",
      "Microsoft.Xaml.Behaviors.Wpf >= 1.1.77"
    ]
  },
  "packageFolders": {
    "C:\\Users\\shuch\\.nuget\\packages\\": {},
    "C:\\Program Files (x86)\\Microsoft Visual Studio\\Shared\\NuGetPackages": {}
  },
  "project": {
    "version": "3.1.1882.3",
    "restore": {
      "projectUniqueName": "D:\\Github\\bjzxn_projects\\Macad3D\\Source\\Macad.Presentation\\Macad.Presentation.csproj",
      "projectName": "Macad.Presentation",
      "projectPath": "D:\\Github\\bjzxn_projects\\Macad3D\\Source\\Macad.Presentation\\Macad.Presentation.csproj",
      "packagesPath": "C:\\Users\\shuch\\.nuget\\packages\\",
      "outputPath": "D:\\Github\\bjzxn_projects\\Macad3D\\.intermediate\\Macad.Presentation\\",
      "projectStyle": "PackageReference",
      "centralPackageVersionsManagementEnabled": true,
      "fallbackFolders": [
        "C:\\Program Files (x86)\\Microsoft Visual Studio\\Shared\\NuGetPackages"
      ],
      "configFilePaths": [
        "D:\\Github\\bjzxn_projects\\Macad3D\\NuGet.Config",
        "C:\\Users\\shuch\\AppData\\Roaming\\NuGet\\NuGet.Config",
        "C:\\Program Files (x86)\\NuGet\\Config\\Microsoft.VisualStudio.FallbackLocation.config",
        "C:\\Program Files (x86)\\NuGet\\Config\\Microsoft.VisualStudio.Offline.config"
      ],
      "originalTargetFrameworks": [
        "net8.0-windows"
      ],
      "sources": {
        "C:\\Program Files (x86)\\Microsoft SDKs\\NuGetPackages\\": {},
        "D:\\ProgramTools\\Nuget": {},
        "http://nuget.curverobot.com/v3/index.json": {},
        "https://api.nuget.org/v3/index.json": {},
        "https://nuget.macad3d.net": {}
      },
      "frameworks": {
        "net8.0-windows7.0": {
          "targetAlias": "net8.0-windows",
          "projectReferences": {
            "D:\\Github\\bjzxn_projects\\Macad3D\\Source\\Macad.Common\\Macad.Common.csproj": {
              "projectPath": "D:\\Github\\bjzxn_projects\\Macad3D\\Source\\Macad.Common\\Macad.Common.csproj"
            },
            "D:\\Github\\bjzxn_projects\\Macad3D\\Source\\Macad.Resources\\Macad.Resources.csproj": {
              "projectPath": "D:\\Github\\bjzxn_projects\\Macad3D\\Source\\Macad.Resources\\Macad.Resources.csproj"
            }
          }
        }
      },
      "warningProperties": {
        "warnAsError": [
          "NU1605"
        ]
      }
    },
    "frameworks": {
      "net8.0-windows7.0": {
        "targetAlias": "net8.0-windows",
        "dependencies": {
          "ControlzEx": {
            "target": "Package",
            "version": "[6.0.0, )",
            "versionCentrallyManaged": true
          },
          "Dirkster.AvalonDock": {
            "target": "Package",
            "version": "[4.72.1, )",
            "versionCentrallyManaged": true
          },
          "Dirkster.AvalonDock.Themes.VS2013": {
            "target": "Package",
            "version": "[4.72.1, )",
            "versionCentrallyManaged": true
          },
          "Fluent.Ribbon": {
            "target": "Package",
            "version": "[10.0.4, )",
            "versionCentrallyManaged": true
          },
          "Microsoft.Xaml.Behaviors.Wpf": {
            "target": "Package",
            "version": "[1.1.77, )",
            "versionCentrallyManaged": true
          }
        },
        "centralPackageVersions": {
          "ControlzEx": "[6.0.0, )",
          "Dirkster.AvalonDock": "[4.72.1, )",
          "Dirkster.AvalonDock.Themes.VS2013": "[4.72.1, )",
          "FlaUI.UIA3": "[4.0.0, )",
          "Fluent.Ribbon": "[10.0.4, )",
          "JetBrains.dotMemoryUnit": "[3.2.20220510, )",
          "Macad.ThirdParty.Mesa": "[22.2.1, )",
          "Macad.ThirdParty.Occt": "[7.8.0, )",
          "Microsoft.CodeAnalysis.Analyzers": "[3.3.4, )",
          "Microsoft.CodeAnalysis.CSharp": "[4.5.0, )",
          "Microsoft.CodeAnalysis.CSharp.Scripting": "[4.5.0, )",
          "Microsoft.NET.Test.Sdk": "[17.11.1, )",
          "Microsoft.Xaml.Behaviors.Wpf": "[1.1.77, )",
          "NUnit": "[3.14.0, )",
          "NUnit3TestAdapter": "[4.6.0, )",
          "System.Text.Encoding.CodePages": "[7.0.0, )"
        },
        "imports": [
          "net461",
          "net462",
          "net47",
          "net471",
          "net472",
          "net48",
          "net481"
        ],
        "assetTargetFallback": true,
        "warn": true,
        "frameworkReferences": {
          "Microsoft.NETCore.App": {
            "privateAssets": "all"
          },
          "Microsoft.WindowsDesktop.App": {
            "privateAssets": "none"
          },
          "Microsoft.WindowsDesktop.App.WPF": {
            "privateAssets": "none"
          }
        },
        "runtimeIdentifierGraphPath": "C:\\Program Files\\dotnet\\sdk\\8.0.101/PortableRuntimeIdentifierGraph.json"
      }
    },
    "runtimes": {
      "win-x64": {
        "#import": []
      }
    }
  },
  "logs": [
    {
      "code": "NU1803",
      "level": "Warning",
      "warningLevel": 1,
      "message": "正在通过 “HTTP” 源“http://nuget.curverobot.com/v3/index.json”运行“restore”操作。将来的版本中将删除非 HTTPS 访问权限。请考虑迁移到 “HTTPS” 源。"
    }
  ]
}